
Microsoft Visual Studio Solution File, Format Version 12.00
# Visual Studio Version 16
VisualStudioVersion = 16.0.29709.97
MinimumVisualStudioVersion = 10.0.40219.1
Project("{9A19103F-16F7-4668-BE54-9A1E7A4F7556}") = "AA_Module04_ListesChainees", "AA_Module04_ListesChainees\AA_Module04_ListesChainees.csproj", "{CC79C661-9673-4169-A9C1-F51E6386AAF6}"
EndProject
Project("{9A19103F-16F7-4668-BE54-9A1E7A4F7556}") = "TestsAA_Module04_ListesChainees", "TestsAA_Module04_ListesChainees\TestsAA_Module04_ListesChainees.csproj", "{0E67BDC7-8FDD-4A9A-9F9E-F6857C550142}"
EndProject
Project("{FAE04EC0-301F-11D3-BF4B-00C04F79EFBC}") = "AA_Module04_ListesChainees_Console", "AA_Module04_ListesChainees_Console\AA_Module04_ListesChainees_Console.csproj", "{F5E79112-1BF9-4DDB-A001-4E077E1034EA}"
EndProject
Global
	GlobalSection(SolutionConfigurationPlatforms) = preSolution
		Debug|Any CPU = Debug|Any CPU
		Release|Any CPU = Release|Any CPU
	EndGlobalSection
	GlobalSection(ProjectConfigurationPlatforms) = postSolution
		{CC79C661-9673-4169-A9C1-F51E6386AAF6}.Debug|Any CPU.ActiveCfg = Debug|Any CPU
		{CC79C661-9673-4169-A9C1-F51E6386AAF6}.Debug|Any CPU.Build.0 = Debug|Any CPU
		{CC79C661-9673-4169-A9C1-F51E6386AAF6}.Release|Any CPU.ActiveCfg = Release|Any CPU
		{CC79C661-9673-4169-A9C1-F51E6386AAF6}.Release|Any CPU.Build.0 = Release|Any CPU
		{0E67BDC7-8FDD-4A9A-9F9E-F6857C550142}.Debug|Any CPU.ActiveCfg = Debug|Any CPU
		{0E67BDC7-8FDD-4A9A-9F9E-F6857C550142}.Debug|Any CPU.Build.0 = Debug|Any CPU
		{0E67BDC7-8FDD-4A9A-9F9E-F6857C550142}.Release|Any CPU.ActiveCfg = Release|Any CPU
		{0E67BDC7-8FDD-4A9A-9F9E-F6857C550142}.Release|Any CPU.Build.0 = Release|Any CPU
		{F5E79112-1BF9-4DDB-A001-4E077E1034EA}.Debug|Any CPU.ActiveCfg = Debug|Any CPU
		{F5E79112-1BF9-4DDB-A001-4E077E1034EA}.Debug|Any CPU.Build.0 = Debug|Any CPU
		{F5E79112-1BF9-4DDB-A001-4E077E1034EA}.Release|Any CPU.ActiveCfg = Release|Any CPU
		{F5E79112-1BF9-4DDB-A001-4E077E1034EA}.Release|Any CPU.Build.0 = Release|Any CPU
	EndGlobalSection
	GlobalSection(SolutionProperties) = preSolution
		HideSolutionNode = FALSE
	EndGlobalSection
	GlobalSection(ExtensibilityGlobals) = postSolution
		SolutionGuid = {29C4467F-D22F-4A2D-A8B8-C98DCF389027}
	EndGlobalSection
EndGlobal
