
Microsoft Visual Studio Solution File, Format Version 12.00
# Visual Studio Version 16
VisualStudioVersion = 16.0.29709.97
MinimumVisualStudioVersion = 10.0.40219.1
Project("{FAE04EC0-301F-11D3-BF4B-00C04F79EFBC}") = "AA_Module01_CorrectionPartielle", "AA_Module01_CorrectionPartielle\AA_Module01_CorrectionPartielle.csproj", "{6629890B-2DF0-4F82-B8C6-01FEE5499100}"
EndProject
Global
	GlobalSection(SolutionConfigurationPlatforms) = preSolution
		Debug|Any CPU = Debug|Any CPU
		Release|Any CPU = Release|Any CPU
	EndGlobalSection
	GlobalSection(ProjectConfigurationPlatforms) = postSolution
		{6629890B-2DF0-4F82-B8C6-01FEE5499100}.Debug|Any CPU.ActiveCfg = Debug|Any CPU
		{6629890B-2DF0-4F82-B8C6-01FEE5499100}.Debug|Any CPU.Build.0 = Debug|Any CPU
		{6629890B-2DF0-4F82-B8C6-01FEE5499100}.Release|Any CPU.ActiveCfg = Release|Any CPU
		{6629890B-2DF0-4F82-B8C6-01FEE5499100}.Release|Any CPU.Build.0 = Release|Any CPU
	EndGlobalSection
	GlobalSection(SolutionProperties) = preSolution
		HideSolutionNode = FALSE
	EndGlobalSection
	GlobalSection(ExtensibilityGlobals) = postSolution
		SolutionGuid = {F42959E8-C5AA-4D7E-8869-ADBD62D14CC7}
	EndGlobalSection
EndGlobal
