
Microsoft Visual Studio Solution File, Format Version 12.00
# Visual Studio Version 16
VisualStudioVersion = 16.0.29709.97
MinimumVisualStudioVersion = 10.0.40219.1
Project("{FAE04EC0-301F-11D3-BF4B-00C04F79EFBC}") = "AA_Module03_TableauACapaciteVariable", "AA_Module03_TableauACapaciteVariable\AA_Module03_TableauACapaciteVariable.csproj", "{A127DB95-6125-4B38-8180-F1B7993EDAD4}"
EndProject
Project("{FAE04EC0-301F-11D3-BF4B-00C04F79EFBC}") = "TestsAA_Module03_TableauACapaciteVariable", "TestsAA_Module03_TableauACapaciteVariable\TestsAA_Module03_TableauACapaciteVariable.csproj", "{D2EFF201-1FF5-48E1-8CE5-A5434A63B4BE}"
EndProject
Global
	GlobalSection(SolutionConfigurationPlatforms) = preSolution
		Debug|Any CPU = Debug|Any CPU
		Release|Any CPU = Release|Any CPU
	EndGlobalSection
	GlobalSection(ProjectConfigurationPlatforms) = postSolution
		{A127DB95-6125-4B38-8180-F1B7993EDAD4}.Debug|Any CPU.ActiveCfg = Debug|Any CPU
		{A127DB95-6125-4B38-8180-F1B7993EDAD4}.Debug|Any CPU.Build.0 = Debug|Any CPU
		{A127DB95-6125-4B38-8180-F1B7993EDAD4}.Release|Any CPU.ActiveCfg = Release|Any CPU
		{A127DB95-6125-4B38-8180-F1B7993EDAD4}.Release|Any CPU.Build.0 = Release|Any CPU
		{D2EFF201-1FF5-48E1-8CE5-A5434A63B4BE}.Debug|Any CPU.ActiveCfg = Debug|Any CPU
		{D2EFF201-1FF5-48E1-8CE5-A5434A63B4BE}.Debug|Any CPU.Build.0 = Debug|Any CPU
		{D2EFF201-1FF5-48E1-8CE5-A5434A63B4BE}.Release|Any CPU.ActiveCfg = Release|Any CPU
		{D2EFF201-1FF5-48E1-8CE5-A5434A63B4BE}.Release|Any CPU.Build.0 = Release|Any CPU
	EndGlobalSection
	GlobalSection(SolutionProperties) = preSolution
		HideSolutionNode = FALSE
	EndGlobalSection
	GlobalSection(ExtensibilityGlobals) = postSolution
		SolutionGuid = {FF97FD9A-7537-4092-AFB4-75C82F81DCAA}
	EndGlobalSection
EndGlobal
