
Microsoft Visual Studio Solution File, Format Version 12.00
# Visual Studio Version 16
VisualStudioVersion = 16.0.29709.97
MinimumVisualStudioVersion = 10.0.40219.1
Project("{FAE04EC0-301F-11D3-BF4B-00C04F79EFBC}") = "AA_Module06_TableHachage_PreparationCours", "AA_Module06_TableHachage_PreparationCours\AA_Module06_TableHachage_PreparationCours.csproj", "{83107D6A-9BF3-4DDD-A165-F186F91692CD}"
EndProject
Project("{FAE04EC0-301F-11D3-BF4B-00C04F79EFBC}") = "TestsAA_Module06_TableHachage_PreparationCours", "TestsAA_Module06_TableHachage_PreparationCours\TestsAA_Module06_TableHachage_PreparationCours.csproj", "{3737A1E7-B752-4C49-9FFA-8A0C750B73C9}"
EndProject
Global
	GlobalSection(SolutionConfigurationPlatforms) = preSolution
		Debug|Any CPU = Debug|Any CPU
		Release|Any CPU = Release|Any CPU
	EndGlobalSection
	GlobalSection(ProjectConfigurationPlatforms) = postSolution
		{83107D6A-9BF3-4DDD-A165-F186F91692CD}.Debug|Any CPU.ActiveCfg = Debug|Any CPU
		{83107D6A-9BF3-4DDD-A165-F186F91692CD}.Debug|Any CPU.Build.0 = Debug|Any CPU
		{83107D6A-9BF3-4DDD-A165-F186F91692CD}.Release|Any CPU.ActiveCfg = Release|Any CPU
		{83107D6A-9BF3-4DDD-A165-F186F91692CD}.Release|Any CPU.Build.0 = Release|Any CPU
		{3737A1E7-B752-4C49-9FFA-8A0C750B73C9}.Debug|Any CPU.ActiveCfg = Debug|Any CPU
		{3737A1E7-B752-4C49-9FFA-8A0C750B73C9}.Debug|Any CPU.Build.0 = Debug|Any CPU
		{3737A1E7-B752-4C49-9FFA-8A0C750B73C9}.Release|Any CPU.ActiveCfg = Release|Any CPU
		{3737A1E7-B752-4C49-9FFA-8A0C750B73C9}.Release|Any CPU.Build.0 = Release|Any CPU
	EndGlobalSection
	GlobalSection(SolutionProperties) = preSolution
		HideSolutionNode = FALSE
	EndGlobalSection
	GlobalSection(ExtensibilityGlobals) = postSolution
		SolutionGuid = {75D25CC3-5070-469C-9DCB-4C2613AC29FA}
	EndGlobalSection
EndGlobal
